
Microsoft Visual Studio Solution File, Format Version 12.00
# Visual Studio 15
VisualStudioVersion = 15.0.26430.6
MinimumVisualStudioVersion = 10.0.40219.1
Project("{8BC9CEB8-8B4A-11D0-8D11-00A0C91BC942}") = "dllAtaxx", "dllAtaxx\dllAtaxx.vcxproj", "{53819BBA-0D49-4732-BE91-2732CE42980F}"
EndProject
Project("{8BC9CEB8-8B4A-11D0-8D11-00A0C91BC942}") = "ClassLibrary1", "ClassLibrary1\ClassLibrary1.vcxproj", "{E43FC06C-6E14-4156-A67A-A238AF9DBF11}"
EndProject
Project("{8BC9CEB8-8B4A-11D0-8D11-00A0C91BC942}") = "dllsearch", "dllsearch\dllsearch.vcxproj", "{40B31C8A-A669-447B-BE12-3DD3806A44D3}"
EndProject
Project("{8BC9CEB8-8B4A-11D0-8D11-00A0C91BC942}") = "ClassLibrary2", "ClassLibrary2\ClassLibrary2.vcxproj", "{A6CA140E-4A5E-401F-BDEE-770AC87CE0DC}"
EndProject
Global
	GlobalSection(SolutionConfigurationPlatforms) = preSolution
		Debug|x64 = Debug|x64
		Debug|x86 = Debug|x86
		Release|x64 = Release|x64
		Release|x86 = Release|x86
	EndGlobalSection
	GlobalSection(ProjectConfigurationPlatforms) = postSolution
		{53819BBA-0D49-4732-BE91-2732CE42980F}.Debug|x64.ActiveCfg = Debug|x64
		{53819BBA-0D49-4732-BE91-2732CE42980F}.Debug|x64.Build.0 = Debug|x64
		{53819BBA-0D49-4732-BE91-2732CE42980F}.Debug|x86.ActiveCfg = Debug|Win32
		{53819BBA-0D49-4732-BE91-2732CE42980F}.Debug|x86.Build.0 = Debug|Win32
		{53819BBA-0D49-4732-BE91-2732CE42980F}.Release|x64.ActiveCfg = Release|x64
		{53819BBA-0D49-4732-BE91-2732CE42980F}.Release|x64.Build.0 = Release|x64
		{53819BBA-0D49-4732-BE91-2732CE42980F}.Release|x86.ActiveCfg = Release|Win32
		{53819BBA-0D49-4732-BE91-2732CE42980F}.Release|x86.Build.0 = Release|Win32
		{E43FC06C-6E14-4156-A67A-A238AF9DBF11}.Debug|x64.ActiveCfg = Debug|x64
		{E43FC06C-6E14-4156-A67A-A238AF9DBF11}.Debug|x64.Build.0 = Debug|x64
		{E43FC06C-6E14-4156-A67A-A238AF9DBF11}.Debug|x86.ActiveCfg = Debug|Win32
		{E43FC06C-6E14-4156-A67A-A238AF9DBF11}.Debug|x86.Build.0 = Debug|Win32
		{E43FC06C-6E14-4156-A67A-A238AF9DBF11}.Release|x64.ActiveCfg = Release|x64
		{E43FC06C-6E14-4156-A67A-A238AF9DBF11}.Release|x64.Build.0 = Release|x64
		{E43FC06C-6E14-4156-A67A-A238AF9DBF11}.Release|x86.ActiveCfg = Release|Win32
		{E43FC06C-6E14-4156-A67A-A238AF9DBF11}.Release|x86.Build.0 = Release|Win32
		{40B31C8A-A669-447B-BE12-3DD3806A44D3}.Debug|x64.ActiveCfg = Debug|x64
		{40B31C8A-A669-447B-BE12-3DD3806A44D3}.Debug|x64.Build.0 = Debug|x64
		{40B31C8A-A669-447B-BE12-3DD3806A44D3}.Debug|x86.ActiveCfg = Debug|Win32
		{40B31C8A-A669-447B-BE12-3DD3806A44D3}.Debug|x86.Build.0 = Debug|Win32
		{40B31C8A-A669-447B-BE12-3DD3806A44D3}.Release|x64.ActiveCfg = Release|x64
		{40B31C8A-A669-447B-BE12-3DD3806A44D3}.Release|x64.Build.0 = Release|x64
		{40B31C8A-A669-447B-BE12-3DD3806A44D3}.Release|x86.ActiveCfg = Release|Win32
		{40B31C8A-A669-447B-BE12-3DD3806A44D3}.Release|x86.Build.0 = Release|Win32
		{A6CA140E-4A5E-401F-BDEE-770AC87CE0DC}.Debug|x64.ActiveCfg = Debug|x64
		{A6CA140E-4A5E-401F-BDEE-770AC87CE0DC}.Debug|x64.Build.0 = Debug|x64
		{A6CA140E-4A5E-401F-BDEE-770AC87CE0DC}.Debug|x86.ActiveCfg = Debug|Win32
		{A6CA140E-4A5E-401F-BDEE-770AC87CE0DC}.Debug|x86.Build.0 = Debug|Win32
		{A6CA140E-4A5E-401F-BDEE-770AC87CE0DC}.Release|x64.ActiveCfg = Release|x64
		{A6CA140E-4A5E-401F-BDEE-770AC87CE0DC}.Release|x64.Build.0 = Release|x64
		{A6CA140E-4A5E-401F-BDEE-770AC87CE0DC}.Release|x86.ActiveCfg = Release|Win32
		{A6CA140E-4A5E-401F-BDEE-770AC87CE0DC}.Release|x86.Build.0 = Release|Win32
	EndGlobalSection
	GlobalSection(SolutionProperties) = preSolution
		HideSolutionNode = FALSE
	EndGlobalSection
EndGlobal
