
Microsoft Visual Studio Solution File, Format Version 12.00
# Visual Studio 15
VisualStudioVersion = 15.0.26430.6
MinimumVisualStudioVersion = 10.0.40219.1
Project("{8BC9CEB8-8B4A-11D0-8D11-00A0C91BC942}") = "dllAtaxx", "dllAtaxx\dllAtaxx.vcxproj", "{53819BBA-0D49-4732-BE91-2732CE42980F}"
EndProject
Project("{8BC9CEB8-8B4A-11D0-8D11-00A0C91BC942}") = "ClassLibrary1", "ClassLibrary1\ClassLibrary1.vcxproj", "{E43FC06C-6E14-4156-A67A-A238AF9DBF11}"
EndProject
Project("{FAE04EC0-301F-11D3-BF4B-00C04F79EFBC}") = "ConsoleApp1", "ConsoleApp1\ConsoleApp1.csproj", "{0A0DB950-CC3C-4F8D-BDA4-568654D8A13E}"
EndProject
Project("{FAE04EC0-301F-11D3-BF4B-00C04F79EFBC}") = "Ataxx", "Ataxx\Ataxx.csproj", "{0C5F5DD1-0708-460A-97D0-78172E8EDBF0}"
EndProject
Global
	GlobalSection(SolutionConfigurationPlatforms) = preSolution
		Debug|Any CPU = Debug|Any CPU
		Debug|x64 = Debug|x64
		Debug|x86 = Debug|x86
		Release|Any CPU = Release|Any CPU
		Release|x64 = Release|x64
		Release|x86 = Release|x86
	EndGlobalSection
	GlobalSection(ProjectConfigurationPlatforms) = postSolution
		{53819BBA-0D49-4732-BE91-2732CE42980F}.Debug|Any CPU.ActiveCfg = Debug|Win32
		{53819BBA-0D49-4732-BE91-2732CE42980F}.Debug|x64.ActiveCfg = Debug|x64
		{53819BBA-0D49-4732-BE91-2732CE42980F}.Debug|x64.Build.0 = Debug|x64
		{53819BBA-0D49-4732-BE91-2732CE42980F}.Debug|x86.ActiveCfg = Debug|Win32
		{53819BBA-0D49-4732-BE91-2732CE42980F}.Debug|x86.Build.0 = Debug|Win32
		{53819BBA-0D49-4732-BE91-2732CE42980F}.Release|Any CPU.ActiveCfg = Release|Win32
		{53819BBA-0D49-4732-BE91-2732CE42980F}.Release|x64.ActiveCfg = Release|x64
		{53819BBA-0D49-4732-BE91-2732CE42980F}.Release|x64.Build.0 = Release|x64
		{53819BBA-0D49-4732-BE91-2732CE42980F}.Release|x86.ActiveCfg = Release|Win32
		{53819BBA-0D49-4732-BE91-2732CE42980F}.Release|x86.Build.0 = Release|Win32
		{E43FC06C-6E14-4156-A67A-A238AF9DBF11}.Debug|Any CPU.ActiveCfg = Debug|Win32
		{E43FC06C-6E14-4156-A67A-A238AF9DBF11}.Debug|x64.ActiveCfg = Debug|x64
		{E43FC06C-6E14-4156-A67A-A238AF9DBF11}.Debug|x64.Build.0 = Debug|x64
		{E43FC06C-6E14-4156-A67A-A238AF9DBF11}.Debug|x86.ActiveCfg = Debug|Win32
		{E43FC06C-6E14-4156-A67A-A238AF9DBF11}.Debug|x86.Build.0 = Debug|Win32
		{E43FC06C-6E14-4156-A67A-A238AF9DBF11}.Release|Any CPU.ActiveCfg = Release|Win32
		{E43FC06C-6E14-4156-A67A-A238AF9DBF11}.Release|x64.ActiveCfg = Release|x64
		{E43FC06C-6E14-4156-A67A-A238AF9DBF11}.Release|x64.Build.0 = Release|x64
		{E43FC06C-6E14-4156-A67A-A238AF9DBF11}.Release|x86.ActiveCfg = Release|Win32
		{E43FC06C-6E14-4156-A67A-A238AF9DBF11}.Release|x86.Build.0 = Release|Win32
		{0A0DB950-CC3C-4F8D-BDA4-568654D8A13E}.Debug|Any CPU.ActiveCfg = Debug|Any CPU
		{0A0DB950-CC3C-4F8D-BDA4-568654D8A13E}.Debug|Any CPU.Build.0 = Debug|Any CPU
		{0A0DB950-CC3C-4F8D-BDA4-568654D8A13E}.Debug|x64.ActiveCfg = Debug|Any CPU
		{0A0DB950-CC3C-4F8D-BDA4-568654D8A13E}.Debug|x64.Build.0 = Debug|Any CPU
		{0A0DB950-CC3C-4F8D-BDA4-568654D8A13E}.Debug|x86.ActiveCfg = Debug|Any CPU
		{0A0DB950-CC3C-4F8D-BDA4-568654D8A13E}.Debug|x86.Build.0 = Debug|Any CPU
		{0A0DB950-CC3C-4F8D-BDA4-568654D8A13E}.Release|Any CPU.ActiveCfg = Release|Any CPU
		{0A0DB950-CC3C-4F8D-BDA4-568654D8A13E}.Release|Any CPU.Build.0 = Release|Any CPU
		{0A0DB950-CC3C-4F8D-BDA4-568654D8A13E}.Release|x64.ActiveCfg = Release|Any CPU
		{0A0DB950-CC3C-4F8D-BDA4-568654D8A13E}.Release|x64.Build.0 = Release|Any CPU
		{0A0DB950-CC3C-4F8D-BDA4-568654D8A13E}.Release|x86.ActiveCfg = Release|Any CPU
		{0A0DB950-CC3C-4F8D-BDA4-568654D8A13E}.Release|x86.Build.0 = Release|Any CPU
		{0C5F5DD1-0708-460A-97D0-78172E8EDBF0}.Debug|Any CPU.ActiveCfg = Debug|Any CPU
		{0C5F5DD1-0708-460A-97D0-78172E8EDBF0}.Debug|Any CPU.Build.0 = Debug|Any CPU
		{0C5F5DD1-0708-460A-97D0-78172E8EDBF0}.Debug|x64.ActiveCfg = Debug|Any CPU
		{0C5F5DD1-0708-460A-97D0-78172E8EDBF0}.Debug|x64.Build.0 = Debug|Any CPU
		{0C5F5DD1-0708-460A-97D0-78172E8EDBF0}.Debug|x86.ActiveCfg = Debug|Any CPU
		{0C5F5DD1-0708-460A-97D0-78172E8EDBF0}.Debug|x86.Build.0 = Debug|Any CPU
		{0C5F5DD1-0708-460A-97D0-78172E8EDBF0}.Release|Any CPU.ActiveCfg = Release|Any CPU
		{0C5F5DD1-0708-460A-97D0-78172E8EDBF0}.Release|Any CPU.Build.0 = Release|Any CPU
		{0C5F5DD1-0708-460A-97D0-78172E8EDBF0}.Release|x64.ActiveCfg = Release|Any CPU
		{0C5F5DD1-0708-460A-97D0-78172E8EDBF0}.Release|x64.Build.0 = Release|Any CPU
		{0C5F5DD1-0708-460A-97D0-78172E8EDBF0}.Release|x86.ActiveCfg = Release|Any CPU
		{0C5F5DD1-0708-460A-97D0-78172E8EDBF0}.Release|x86.Build.0 = Release|Any CPU
	EndGlobalSection
	GlobalSection(SolutionProperties) = preSolution
		HideSolutionNode = FALSE
	EndGlobalSection
EndGlobal
